{
  "name": "kosko-desktop-assist",
  "version": "0.0.1",
  "lockfileVersion": 3,
  "requires": true,
  "packages": {
    "": {
      "name": "kosko-desktop-assist",
      "version": "0.0.1",
      "license": "Apache-2.0",
      "dependencies": {
        "@kosko-app/enex-core": "0.2.0"
      },
      "bin": {
        "kosko-assist": "bin/kosko-assist.mjs"
      },
      "engines": {
        "node": ">=22.16"
      }
    },
    "node_modules/@kosko-app/enex-core": {
      "version": "0.2.0",
      "resolved": "https://registry.npmjs.org/@kosko-app/enex-core/-/enex-core-0.2.0.tgz",
      "integrity": "sha512-rpt31cMP9sL/Eg9iNxRODhr1PpClwLDFg8a+cNEEf0zGk1hbAJyv0CUM1uPn/LbNoJbBqQ9N7IuhrcRVOvAJAw==",
      "license": "Apache-2.0",
      "dependencies": {
        "hash-wasm": "4.12.0",
        "sax": "1.6.1"
      },
      "engines": {
        "node": ">=22"
      },
      "peerDependencies": {
        "@tiptap/core": "3.30.5",
        "@tiptap/extension-highlight": "3.30.5",
        "@tiptap/extension-image": "3.30.5",
        "@tiptap/extension-list": "3.30.5",
        "@tiptap/extension-subscript": "3.30.5",
        "@tiptap/extension-superscript": "3.30.5",
        "@tiptap/extension-table": "3.30.5",
        "@tiptap/extension-text-align": "3.30.5",
        "@tiptap/extension-text-style": "3.30.5",
        "@tiptap/pm": "3.30.5",
        "@tiptap/starter-kit": "3.30.5"
      },
      "peerDependenciesMeta": {
        "@tiptap/core": {
          "optional": true
        },
        "@tiptap/extension-highlight": {
          "optional": true
        },
        "@tiptap/extension-image": {
          "optional": true
        },
        "@tiptap/extension-list": {
          "optional": true
        },
        "@tiptap/extension-subscript": {
          "optional": true
        },
        "@tiptap/extension-superscript": {
          "optional": true
        },
        "@tiptap/extension-table": {
          "optional": true
        },
        "@tiptap/extension-text-align": {
          "optional": true
        },
        "@tiptap/extension-text-style": {
          "optional": true
        },
        "@tiptap/pm": {
          "optional": true
        },
        "@tiptap/starter-kit": {
          "optional": true
        }
      }
    },
    "node_modules/hash-wasm": {
      "version": "4.12.0",
      "resolved": "https://registry.npmjs.org/hash-wasm/-/hash-wasm-4.12.0.tgz",
      "integrity": "sha512-+/2B2rYLb48I/evdOIhP+K/DD2ca2fgBjp6O+GBEnCDk2e4rpeXIK8GvIyRPjTezgmWn9gmKwkQjjx6BtqDHVQ==",
      "license": "MIT"
    },
    "node_modules/sax": {
      "version": "1.6.1",
      "resolved": "https://registry.npmjs.org/sax/-/sax-1.6.1.tgz",
      "integrity": "sha512-42tBVwLWnaQvW5zc4HbZrTuWccECCZfBi92FDuwtqxasH+JbPB3/FOKb1m222K42R4WxuxzzMsTswfzgtSu64Q==",
      "license": "BlueOak-1.0.0",
      "engines": {
        "node": ">=11.0.0"
      }
    }
  }
}
