{
  "name": "kosko-desktop-assist",
  "version": "0.0.1",
  "lockfileVersion": 3,
  "requires": true,
  "packages": {
    "": {
      "name": "kosko-desktop-assist",
      "version": "0.0.1",
      "license": "Apache-2.0",
      "dependencies": {
        "@kosko-app/enex-core": "0.3.0"
      },
      "bin": {
        "kosko-assist": "bin/kosko-assist.mjs"
      },
      "devDependencies": {
        "@tiptap/core": "3.30.5",
        "@tiptap/extension-highlight": "3.30.5",
        "@tiptap/extension-image": "3.30.5",
        "@tiptap/extension-list": "3.30.5",
        "@tiptap/extension-subscript": "3.30.5",
        "@tiptap/extension-superscript": "3.30.5",
        "@tiptap/extension-table": "3.30.5",
        "@tiptap/extension-text-align": "3.30.5",
        "@tiptap/extension-text-style": "3.30.5",
        "@tiptap/pm": "3.30.5",
        "@tiptap/starter-kit": "3.30.5"
      },
      "engines": {
        "node": ">=22.16"
      }
    },
    "node_modules/@kosko-app/enex-core": {
      "version": "0.3.0",
      "resolved": "https://registry.npmjs.org/@kosko-app/enex-core/-/enex-core-0.3.0.tgz",
      "integrity": "sha512-l1bUMoWvZqOiM2kHQqpRK24GmY/VHcCtaQsPVn4n1bg/rlwvfWfd+qw/saAkNpU+/2xNi+49qfBe4l425E761Q==",
      "license": "Apache-2.0",
      "dependencies": {
        "hash-wasm": "4.12.0",
        "sax": "1.6.1"
      },
      "engines": {
        "node": ">=22"
      },
      "peerDependencies": {
        "@tiptap/core": "3.30.5",
        "@tiptap/extension-highlight": "3.30.5",
        "@tiptap/extension-image": "3.30.5",
        "@tiptap/extension-list": "3.30.5",
        "@tiptap/extension-subscript": "3.30.5",
        "@tiptap/extension-superscript": "3.30.5",
        "@tiptap/extension-table": "3.30.5",
        "@tiptap/extension-text-align": "3.30.5",
        "@tiptap/extension-text-style": "3.30.5",
        "@tiptap/pm": "3.30.5",
        "@tiptap/starter-kit": "3.30.5"
      },
      "peerDependenciesMeta": {
        "@tiptap/core": {
          "optional": true
        },
        "@tiptap/extension-highlight": {
          "optional": true
        },
        "@tiptap/extension-image": {
          "optional": true
        },
        "@tiptap/extension-list": {
          "optional": true
        },
        "@tiptap/extension-subscript": {
          "optional": true
        },
        "@tiptap/extension-superscript": {
          "optional": true
        },
        "@tiptap/extension-table": {
          "optional": true
        },
        "@tiptap/extension-text-align": {
          "optional": true
        },
        "@tiptap/extension-text-style": {
          "optional": true
        },
        "@tiptap/pm": {
          "optional": true
        },
        "@tiptap/starter-kit": {
          "optional": true
        }
      }
    },
    "node_modules/@tiptap/core": {
      "version": "3.30.5",
      "resolved": "https://registry.npmjs.org/@tiptap/core/-/core-3.30.5.tgz",
      "integrity": "sha512-3O7N0FyKIfuLV+xrdWyDM3V5eUY/q2CgLjhhMwOAbM1Pu7VPp9VP+TpEYOdH8aRyB+h1vj5hX5A747D8ZrPfHA==",
      "devOptional": true,
      "license": "MIT",
      "funding": {
        "type": "github",
        "url": "https://github.com/sponsors/ueberdosis"
      },
      "peerDependencies": {
        "@tiptap/pm": "3.30.5"
      }
    },
    "node_modules/@tiptap/extension-blockquote": {
      "version": "3.30.5",
      "resolved": "https://registry.npmjs.org/@tiptap/extension-blockquote/-/extension-blockquote-3.30.5.tgz",
      "integrity": "sha512-8pf1ZDrl6XlVPUee/2YlWZPFSF7yqsJEX6WLW41x06MT1dapG3Qudcns0znj6kYsX8JXTJ+Mhegy4z19bvTtRg==",
      "devOptional": true,
      "license": "MIT",
      "funding": {
        "type": "github",
        "url": "https://github.com/sponsors/ueberdosis"
      },
      "peerDependencies": {
        "@tiptap/core": "3.30.5",
        "@tiptap/pm": "3.30.5"
      }
    },
    "node_modules/@tiptap/extension-bold": {
      "version": "3.30.5",
      "resolved": "https://registry.npmjs.org/@tiptap/extension-bold/-/extension-bold-3.30.5.tgz",
      "integrity": "sha512-MLZS+s/BJiJbv2C2M3G4FQGn43kPwYUUr2TiW3afSn+dRkEZlDxx5CwZYbe1PEt2+VX/SIifn945Oqr3s0axSA==",
      "devOptional": true,
      "license": "MIT",
      "funding": {
        "type": "github",
        "url": "https://github.com/sponsors/ueberdosis"
      },
      "peerDependencies": {
        "@tiptap/core": "3.30.5"
      }
    },
    "node_modules/@tiptap/extension-bullet-list": {
      "version": "3.30.5",
      "resolved": "https://registry.npmjs.org/@tiptap/extension-bullet-list/-/extension-bullet-list-3.30.5.tgz",
      "integrity": "sha512-66OGw4suO0Gr/4QAEiSvVi0eSvEqStvu1moHUSvUlwvEqnuB0ME2w9HuRogPElzWdrYLzbBA47mlCi9Veva0ew==",
      "devOptional": true,
      "license": "MIT",
      "funding": {
        "type": "github",
        "url": "https://github.com/sponsors/ueberdosis"
      },
      "peerDependencies": {
        "@tiptap/extension-list": "3.30.5"
      }
    },
    "node_modules/@tiptap/extension-code": {
      "version": "3.30.5",
      "resolved": "https://registry.npmjs.org/@tiptap/extension-code/-/extension-code-3.30.5.tgz",
      "integrity": "sha512-0dCt8eBo4sMtw+LjUu+0GF0JrTlREROdWoy8TM5kFPxJ5ZU2LKDiROXDPwXStaaoFFR/aStLH9xSpdz7cHUiUA==",
      "devOptional": true,
      "license": "MIT",
      "funding": {
        "type": "github",
        "url": "https://github.com/sponsors/ueberdosis"
      },
      "peerDependencies": {
        "@tiptap/core": "3.30.5"
      }
    },
    "node_modules/@tiptap/extension-code-block": {
      "version": "3.30.5",
      "resolved": "https://registry.npmjs.org/@tiptap/extension-code-block/-/extension-code-block-3.30.5.tgz",
      "integrity": "sha512-SvkNoOio2xBy9AtSMyFKMp88MTUvyIXsGCnuz71INV2wHdH4VfRPoQLT6e077LpTCa9w6LHyTKtbZA4HYOp7wg==",
      "devOptional": true,
      "license": "MIT",
      "funding": {
        "type": "github",
        "url": "https://github.com/sponsors/ueberdosis"
      },
      "peerDependencies": {
        "@tiptap/core": "3.30.5",
        "@tiptap/pm": "3.30.5"
      }
    },
    "node_modules/@tiptap/extension-document": {
      "version": "3.30.5",
      "resolved": "https://registry.npmjs.org/@tiptap/extension-document/-/extension-document-3.30.5.tgz",
      "integrity": "sha512-4mKoD3bBr5W2AQ2Y/7amOqcVw0eqJbUwRtwvxypeo5Hi0PB9O5Ev8P05c3EUTo10bllqdKYXGeCU5AcgdQsHWQ==",
      "devOptional": true,
      "license": "MIT",
      "funding": {
        "type": "github",
        "url": "https://github.com/sponsors/ueberdosis"
      },
      "peerDependencies": {
        "@tiptap/core": "3.30.5"
      }
    },
    "node_modules/@tiptap/extension-dropcursor": {
      "version": "3.30.5",
      "resolved": "https://registry.npmjs.org/@tiptap/extension-dropcursor/-/extension-dropcursor-3.30.5.tgz",
      "integrity": "sha512-gJxn9PMUee8zazQBYqbOZiI7zTFXPVJ15AzTnLfUu4eDtPieMwtpgcjhCt4bZlp37drLm+Li76wWLirb7iLxsw==",
      "devOptional": true,
      "license": "MIT",
      "funding": {
        "type": "github",
        "url": "https://github.com/sponsors/ueberdosis"
      },
      "peerDependencies": {
        "@tiptap/extensions": "3.30.5"
      }
    },
    "node_modules/@tiptap/extension-gapcursor": {
      "version": "3.30.5",
      "resolved": "https://registry.npmjs.org/@tiptap/extension-gapcursor/-/extension-gapcursor-3.30.5.tgz",
      "integrity": "sha512-h3m2ZA1XXLAfdHwdtG0MZnf0KWbNyP8xTI3RUlTDR5apmKmYVBaeocOJwTcFFZ92gPKqxYKyhteZqYtHOCZGJA==",
      "devOptional": true,
      "license": "MIT",
      "funding": {
        "type": "github",
        "url": "https://github.com/sponsors/ueberdosis"
      },
      "peerDependencies": {
        "@tiptap/extensions": "3.30.5"
      }
    },
    "node_modules/@tiptap/extension-hard-break": {
      "version": "3.30.5",
      "resolved": "https://registry.npmjs.org/@tiptap/extension-hard-break/-/extension-hard-break-3.30.5.tgz",
      "integrity": "sha512-PcL4Z8l/DlauwZUJg0jf6SXKk6/YOXJtd8yYzqHrmCLRoY4kAa7+TxUhc/lWhuitUiOZ8+nB8V/NNM+WR6mRaw==",
      "devOptional": true,
      "license": "MIT",
      "funding": {
        "type": "github",
        "url": "https://github.com/sponsors/ueberdosis"
      },
      "peerDependencies": {
        "@tiptap/core": "3.30.5"
      }
    },
    "node_modules/@tiptap/extension-heading": {
      "version": "3.30.5",
      "resolved": "https://registry.npmjs.org/@tiptap/extension-heading/-/extension-heading-3.30.5.tgz",
      "integrity": "sha512-x7e7+p1bWXvwz6vqONPP1SVB73V0gZP7LIDL/5KMnxWLjahMTabgVPgjV30kz7GsOEgUYtEf7eCyGVGNNWL5Dg==",
      "devOptional": true,
      "license": "MIT",
      "funding": {
        "type": "github",
        "url": "https://github.com/sponsors/ueberdosis"
      },
      "peerDependencies": {
        "@tiptap/core": "3.30.5"
      }
    },
    "node_modules/@tiptap/extension-highlight": {
      "version": "3.30.5",
      "resolved": "https://registry.npmjs.org/@tiptap/extension-highlight/-/extension-highlight-3.30.5.tgz",
      "integrity": "sha512-vDHdcY3aq3S1yXd8sFk42iLXKRauKgK/Zz4jBE4a33CG/3uf33HN49+wI004W+Avx23z3+4bcCzcqWQRVO1Bdg==",
      "devOptional": true,
      "license": "MIT",
      "funding": {
        "type": "github",
        "url": "https://github.com/sponsors/ueberdosis"
      },
      "peerDependencies": {
        "@tiptap/core": "3.30.5"
      }
    },
    "node_modules/@tiptap/extension-horizontal-rule": {
      "version": "3.30.5",
      "resolved": "https://registry.npmjs.org/@tiptap/extension-horizontal-rule/-/extension-horizontal-rule-3.30.5.tgz",
      "integrity": "sha512-s5t2xM6wPYRJl2cqYplc7Ze8m8xddk4DP2v0aLFcUuD100D1B5eJbxsiwLK6wBAzNwiuVjd486RnmUpcswaXhQ==",
      "devOptional": true,
      "license": "MIT",
      "funding": {
        "type": "github",
        "url": "https://github.com/sponsors/ueberdosis"
      },
      "peerDependencies": {
        "@tiptap/core": "3.30.5",
        "@tiptap/pm": "3.30.5"
      }
    },
    "node_modules/@tiptap/extension-image": {
      "version": "3.30.5",
      "resolved": "https://registry.npmjs.org/@tiptap/extension-image/-/extension-image-3.30.5.tgz",
      "integrity": "sha512-fETBsbSTaf5MLCGZaffHRRAFYUHeDIeITbnm7Q5Il+/LlX7PEiBZGKVyD/M3bIMpxhkyB0UlryIYGhC5LjN1Aw==",
      "devOptional": true,
      "license": "MIT",
      "funding": {
        "type": "github",
        "url": "https://github.com/sponsors/ueberdosis"
      },
      "peerDependencies": {
        "@tiptap/core": "3.30.5"
      }
    },
    "node_modules/@tiptap/extension-italic": {
      "version": "3.30.5",
      "resolved": "https://registry.npmjs.org/@tiptap/extension-italic/-/extension-italic-3.30.5.tgz",
      "integrity": "sha512-Fu9EuSRlHQNGES7UhY4mQod3yUKnWwxsGlPuDJURfwju/Ug04Jz8iRuERZBPcRgLNkwKDmbDsWUZF72RRIL2Uw==",
      "devOptional": true,
      "license": "MIT",
      "funding": {
        "type": "github",
        "url": "https://github.com/sponsors/ueberdosis"
      },
      "peerDependencies": {
        "@tiptap/core": "3.30.5"
      }
    },
    "node_modules/@tiptap/extension-link": {
      "version": "3.30.5",
      "resolved": "https://registry.npmjs.org/@tiptap/extension-link/-/extension-link-3.30.5.tgz",
      "integrity": "sha512-zsQ+q83HpCYOMTNzdjb12dggE7sZMp0aqQJhArdavSTl8hLbVY/u3qJN88t25IEwAKVK0pcTJfWWA2QFl8bjAQ==",
      "devOptional": true,
      "license": "MIT",
      "dependencies": {
        "linkifyjs": "^4.3.3"
      },
      "funding": {
        "type": "github",
        "url": "https://github.com/sponsors/ueberdosis"
      },
      "peerDependencies": {
        "@tiptap/core": "3.30.5",
        "@tiptap/pm": "3.30.5"
      }
    },
    "node_modules/@tiptap/extension-list": {
      "version": "3.30.5",
      "resolved": "https://registry.npmjs.org/@tiptap/extension-list/-/extension-list-3.30.5.tgz",
      "integrity": "sha512-CHThihH+7TA0TfwtmA+eTXP1MAsA/+p011olJHg8Rilj5xA+L+0IFkjhN16JnZkBgSA4MnfEv15UMNfRaNpuVg==",
      "devOptional": true,
      "license": "MIT",
      "funding": {
        "type": "github",
        "url": "https://github.com/sponsors/ueberdosis"
      },
      "peerDependencies": {
        "@tiptap/core": "3.30.5",
        "@tiptap/pm": "3.30.5"
      }
    },
    "node_modules/@tiptap/extension-list-item": {
      "version": "3.30.5",
      "resolved": "https://registry.npmjs.org/@tiptap/extension-list-item/-/extension-list-item-3.30.5.tgz",
      "integrity": "sha512-N0fKUyQkPQBvVB48imjfIfdexU9VsAX1RydajYP2xAt+QOJ8KHVmXv1EGTp+v7pGdZMLdls1cSZ2f352vW3aWQ==",
      "devOptional": true,
      "license": "MIT",
      "funding": {
        "type": "github",
        "url": "https://github.com/sponsors/ueberdosis"
      },
      "peerDependencies": {
        "@tiptap/extension-list": "3.30.5"
      }
    },
    "node_modules/@tiptap/extension-list-keymap": {
      "version": "3.30.5",
      "resolved": "https://registry.npmjs.org/@tiptap/extension-list-keymap/-/extension-list-keymap-3.30.5.tgz",
      "integrity": "sha512-3pLR2yo29uhowaGMbD8v71XpgdNmqotBg1NXlyTMVFzxELj+VjjeLLTqSguR/iWDUbHXNzIsfMEgpRnNMO//8w==",
      "devOptional": true,
      "license": "MIT",
      "funding": {
        "type": "github",
        "url": "https://github.com/sponsors/ueberdosis"
      },
      "peerDependencies": {
        "@tiptap/extension-list": "3.30.5"
      }
    },
    "node_modules/@tiptap/extension-ordered-list": {
      "version": "3.30.5",
      "resolved": "https://registry.npmjs.org/@tiptap/extension-ordered-list/-/extension-ordered-list-3.30.5.tgz",
      "integrity": "sha512-bUGUnSAgjZhoUWBtr+1wRJHF3NnNvuKQr6sQ8le1tJ2yvLq448ZsSZjZGvTNeLsy3GDKBoMJ0rqLUK34+nM3hg==",
      "devOptional": true,
      "license": "MIT",
      "funding": {
        "type": "github",
        "url": "https://github.com/sponsors/ueberdosis"
      },
      "peerDependencies": {
        "@tiptap/extension-list": "3.30.5"
      }
    },
    "node_modules/@tiptap/extension-paragraph": {
      "version": "3.30.5",
      "resolved": "https://registry.npmjs.org/@tiptap/extension-paragraph/-/extension-paragraph-3.30.5.tgz",
      "integrity": "sha512-GrNNlAImfQhYRtGE95YNAjcTclUUMPHs9JeE9vMgfcoKcOmZ6GsbWUdN0hA55xqwGaUjnroOVtf77K9z1EbkJQ==",
      "devOptional": true,
      "license": "MIT",
      "funding": {
        "type": "github",
        "url": "https://github.com/sponsors/ueberdosis"
      },
      "peerDependencies": {
        "@tiptap/core": "3.30.5"
      }
    },
    "node_modules/@tiptap/extension-strike": {
      "version": "3.30.5",
      "resolved": "https://registry.npmjs.org/@tiptap/extension-strike/-/extension-strike-3.30.5.tgz",
      "integrity": "sha512-r8IbWUm4YXNCkmc6h6dzuREQIGbO0x9z9l3GfQPUR3LxFtGssDLngE4dFXHRt/ejLWKEauy6clklf7LawtvYzw==",
      "devOptional": true,
      "license": "MIT",
      "funding": {
        "type": "github",
        "url": "https://github.com/sponsors/ueberdosis"
      },
      "peerDependencies": {
        "@tiptap/core": "3.30.5"
      }
    },
    "node_modules/@tiptap/extension-subscript": {
      "version": "3.30.5",
      "resolved": "https://registry.npmjs.org/@tiptap/extension-subscript/-/extension-subscript-3.30.5.tgz",
      "integrity": "sha512-rO9ed4f6LkGVS9u1GWp3ofyIFUFSjISkZMHTjnTNGnbN6G3mzawacbNTiaaz32VBOWh9ZHUZ35rY0Ju5ZLYp9Q==",
      "devOptional": true,
      "license": "MIT",
      "funding": {
        "type": "github",
        "url": "https://github.com/sponsors/ueberdosis"
      },
      "peerDependencies": {
        "@tiptap/core": "3.30.5",
        "@tiptap/pm": "3.30.5"
      }
    },
    "node_modules/@tiptap/extension-superscript": {
      "version": "3.30.5",
      "resolved": "https://registry.npmjs.org/@tiptap/extension-superscript/-/extension-superscript-3.30.5.tgz",
      "integrity": "sha512-Tw/Lf5Mx9/Fv8JOxLBAt+D/X7mqTHARo7t8dbOZOKGJ5HdE5XvGAC9vILQ6MZhDyrGoqI6Yu3zaazxL2jhHGUg==",
      "devOptional": true,
      "license": "MIT",
      "funding": {
        "type": "github",
        "url": "https://github.com/sponsors/ueberdosis"
      },
      "peerDependencies": {
        "@tiptap/core": "3.30.5",
        "@tiptap/pm": "3.30.5"
      }
    },
    "node_modules/@tiptap/extension-table": {
      "version": "3.30.5",
      "resolved": "https://registry.npmjs.org/@tiptap/extension-table/-/extension-table-3.30.5.tgz",
      "integrity": "sha512-CToc47md2H3ioKhlcfX8eo/6+75Y/d5IK1P+szxOcjm8z8cDoalaYp0zlrZiE5tVhwZxHJ1Luq9OZVOBVW9j7g==",
      "devOptional": true,
      "license": "MIT",
      "funding": {
        "type": "github",
        "url": "https://github.com/sponsors/ueberdosis"
      },
      "peerDependencies": {
        "@tiptap/core": "3.30.5",
        "@tiptap/pm": "3.30.5"
      }
    },
    "node_modules/@tiptap/extension-text": {
      "version": "3.30.5",
      "resolved": "https://registry.npmjs.org/@tiptap/extension-text/-/extension-text-3.30.5.tgz",
      "integrity": "sha512-pOgj4mIGFlw4NUdA6PCTFP/MHrYWnOYiZRYeu0I3/Yo3iN4Am/CgYBLl8PWsNh+YPO2hA2DWs7ZMke9D2j5R+g==",
      "devOptional": true,
      "license": "MIT",
      "funding": {
        "type": "github",
        "url": "https://github.com/sponsors/ueberdosis"
      },
      "peerDependencies": {
        "@tiptap/core": "3.30.5"
      }
    },
    "node_modules/@tiptap/extension-text-align": {
      "version": "3.30.5",
      "resolved": "https://registry.npmjs.org/@tiptap/extension-text-align/-/extension-text-align-3.30.5.tgz",
      "integrity": "sha512-nRiAXqfpnuYkxOTFmK09vKf0Obv+yYA6UvmQ2yhjaThf7/i+ncxAbmxWttAV8GEy2fGpuXxkJYtIgDXXN7tVPg==",
      "devOptional": true,
      "license": "MIT",
      "funding": {
        "type": "github",
        "url": "https://github.com/sponsors/ueberdosis"
      },
      "peerDependencies": {
        "@tiptap/core": "3.30.5"
      }
    },
    "node_modules/@tiptap/extension-text-style": {
      "version": "3.30.5",
      "resolved": "https://registry.npmjs.org/@tiptap/extension-text-style/-/extension-text-style-3.30.5.tgz",
      "integrity": "sha512-libXk+nSBOQmUiKneMegnipSVz7n/YfCuSVUxXn4LjAdD9zdpWgH2uBXbxo2q211dA7KxJyUhkPGoCpG0RmPQA==",
      "devOptional": true,
      "license": "MIT",
      "funding": {
        "type": "github",
        "url": "https://github.com/sponsors/ueberdosis"
      },
      "peerDependencies": {
        "@tiptap/core": "3.30.5"
      }
    },
    "node_modules/@tiptap/extension-underline": {
      "version": "3.30.5",
      "resolved": "https://registry.npmjs.org/@tiptap/extension-underline/-/extension-underline-3.30.5.tgz",
      "integrity": "sha512-u12G/WW2uFRY95BzrSAU9RW002K+7lFpSCL6fb7Puh8yLhek3lddOtAx0P+NI/PyMKtcoVMtBxoi+0mwVM7NPQ==",
      "devOptional": true,
      "license": "MIT",
      "funding": {
        "type": "github",
        "url": "https://github.com/sponsors/ueberdosis"
      },
      "peerDependencies": {
        "@tiptap/core": "3.30.5"
      }
    },
    "node_modules/@tiptap/extensions": {
      "version": "3.30.5",
      "resolved": "https://registry.npmjs.org/@tiptap/extensions/-/extensions-3.30.5.tgz",
      "integrity": "sha512-5x3OiCYBvXz0G5OGM8f7ka++1dh9EXdNRZ8IcMcEd+QwW4RPwvmJ2EjheA1eRRyMlcbNU7T+4IRlBXURlTetEA==",
      "devOptional": true,
      "license": "MIT",
      "funding": {
        "type": "github",
        "url": "https://github.com/sponsors/ueberdosis"
      },
      "peerDependencies": {
        "@tiptap/core": "3.30.5",
        "@tiptap/pm": "3.30.5"
      }
    },
    "node_modules/@tiptap/pm": {
      "version": "3.30.5",
      "resolved": "https://registry.npmjs.org/@tiptap/pm/-/pm-3.30.5.tgz",
      "integrity": "sha512-gufkLkW2tA6PZPjivYxDiGzTIIftwqhmYI6lvvKu2S4FbhcysJgMAe/GXVSywzCRVVex9SrvCe6RFYrqnwRitQ==",
      "devOptional": true,
      "license": "MIT",
      "dependencies": {
        "prosemirror-changeset": "^2.4.1",
        "prosemirror-commands": "^1.7.1",
        "prosemirror-dropcursor": "^1.8.2",
        "prosemirror-gapcursor": "^1.4.1",
        "prosemirror-history": "^1.5.0",
        "prosemirror-inputrules": "^1.5.1",
        "prosemirror-keymap": "^1.2.3",
        "prosemirror-model": "^1.25.11",
        "prosemirror-schema-list": "^1.5.1",
        "prosemirror-state": "^1.4.4",
        "prosemirror-tables": "^1.8.5",
        "prosemirror-transform": "^1.12.0",
        "prosemirror-view": "^1.41.9"
      },
      "funding": {
        "type": "github",
        "url": "https://github.com/sponsors/ueberdosis"
      }
    },
    "node_modules/@tiptap/starter-kit": {
      "version": "3.30.5",
      "resolved": "https://registry.npmjs.org/@tiptap/starter-kit/-/starter-kit-3.30.5.tgz",
      "integrity": "sha512-cmDRvukpoqjQjhE96q+l3tCLNZZcJKehxK+00Sp9F4XbKecfM2QpZ2TRHh3vi8qhCeDQNyMoCqfNaqznIjLjIQ==",
      "devOptional": true,
      "license": "MIT",
      "dependencies": {
        "@tiptap/core": "3.30.5",
        "@tiptap/extension-blockquote": "3.30.5",
        "@tiptap/extension-bold": "3.30.5",
        "@tiptap/extension-bullet-list": "3.30.5",
        "@tiptap/extension-code": "3.30.5",
        "@tiptap/extension-code-block": "3.30.5",
        "@tiptap/extension-document": "3.30.5",
        "@tiptap/extension-dropcursor": "3.30.5",
        "@tiptap/extension-gapcursor": "3.30.5",
        "@tiptap/extension-hard-break": "3.30.5",
        "@tiptap/extension-heading": "3.30.5",
        "@tiptap/extension-horizontal-rule": "3.30.5",
        "@tiptap/extension-italic": "3.30.5",
        "@tiptap/extension-link": "3.30.5",
        "@tiptap/extension-list": "3.30.5",
        "@tiptap/extension-list-item": "3.30.5",
        "@tiptap/extension-list-keymap": "3.30.5",
        "@tiptap/extension-ordered-list": "3.30.5",
        "@tiptap/extension-paragraph": "3.30.5",
        "@tiptap/extension-strike": "3.30.5",
        "@tiptap/extension-text": "3.30.5",
        "@tiptap/extension-underline": "3.30.5",
        "@tiptap/extensions": "3.30.5",
        "@tiptap/pm": "3.30.5"
      },
      "funding": {
        "type": "github",
        "url": "https://github.com/sponsors/ueberdosis"
      }
    },
    "node_modules/hash-wasm": {
      "version": "4.12.0",
      "resolved": "https://registry.npmjs.org/hash-wasm/-/hash-wasm-4.12.0.tgz",
      "integrity": "sha512-+/2B2rYLb48I/evdOIhP+K/DD2ca2fgBjp6O+GBEnCDk2e4rpeXIK8GvIyRPjTezgmWn9gmKwkQjjx6BtqDHVQ==",
      "license": "MIT"
    },
    "node_modules/linkifyjs": {
      "version": "4.3.3",
      "resolved": "https://registry.npmjs.org/linkifyjs/-/linkifyjs-4.3.3.tgz",
      "integrity": "sha512-P8aEP5U/D1/IlTY2OeYsErdwh9bGuLE30NcXtKEjgdHcahveQoQwM2yZNsioQHsWFz0P7KKudisbrzCgR0sDHg==",
      "devOptional": true,
      "license": "MIT"
    },
    "node_modules/orderedmap": {
      "version": "2.1.1",
      "resolved": "https://registry.npmjs.org/orderedmap/-/orderedmap-2.1.1.tgz",
      "integrity": "sha512-TvAWxi0nDe1j/rtMcWcIj94+Ffe6n7zhow33h40SKxmsmozs6dz/e+EajymfoFcHd7sxNn8yHM8839uixMOV6g==",
      "devOptional": true,
      "license": "MIT"
    },
    "node_modules/prosemirror-changeset": {
      "version": "2.4.4",
      "resolved": "https://registry.npmjs.org/prosemirror-changeset/-/prosemirror-changeset-2.4.4.tgz",
      "integrity": "sha512-Gyuz9jYdrAeA9I7AholyOes9KUmv/lEwsC5O9s5xF5VB3EgTPsXMGUxz4+H1B+wKVPdZbvRcg1Cp3x8qX+8ofA==",
      "devOptional": true,
      "license": "MIT",
      "dependencies": {
        "prosemirror-transform": "^1.0.0"
      }
    },
    "node_modules/prosemirror-commands": {
      "version": "1.7.2",
      "resolved": "https://registry.npmjs.org/prosemirror-commands/-/prosemirror-commands-1.7.2.tgz",
      "integrity": "sha512-q6Q6szxqdu9Xd6EcdKsqXghu5nQdZTpB4Q9yd04WRc7/jt763e/rT60Owh0L1GYY+T46o5rD+9lEN36dZS43tw==",
      "devOptional": true,
      "license": "MIT",
      "dependencies": {
        "prosemirror-model": "^1.0.0",
        "prosemirror-state": "^1.0.0",
        "prosemirror-transform": "^1.10.2"
      }
    },
    "node_modules/prosemirror-dropcursor": {
      "version": "1.8.4",
      "resolved": "https://registry.npmjs.org/prosemirror-dropcursor/-/prosemirror-dropcursor-1.8.4.tgz",
      "integrity": "sha512-VmKxhcA6a+h5oPSYmfF1ZNeQqPbyYaIxqZsKqeYCyTlPtrjUgNaHL3P8vVaO19oqAV0zuaM/axkowZHrB1P3Tg==",
      "devOptional": true,
      "license": "MIT",
      "dependencies": {
        "prosemirror-state": "^1.0.0",
        "prosemirror-transform": "^1.1.0",
        "prosemirror-view": "^1.1.0"
      }
    },
    "node_modules/prosemirror-gapcursor": {
      "version": "1.4.1",
      "resolved": "https://registry.npmjs.org/prosemirror-gapcursor/-/prosemirror-gapcursor-1.4.1.tgz",
      "integrity": "sha512-pMdYaEnjNMSwl11yjEGtgTmLkR08m/Vl+Jj443167p9eB3HVQKhYCc4gmHVDsLPODfZfjr/MmirsdyZziXbQKw==",
      "devOptional": true,
      "license": "MIT",
      "dependencies": {
        "prosemirror-keymap": "^1.0.0",
        "prosemirror-model": "^1.0.0",
        "prosemirror-state": "^1.0.0",
        "prosemirror-view": "^1.0.0"
      }
    },
    "node_modules/prosemirror-history": {
      "version": "1.5.1",
      "resolved": "https://registry.npmjs.org/prosemirror-history/-/prosemirror-history-1.5.1.tgz",
      "integrity": "sha512-onlwnqKvgtFg6srZOmDOAhlAy1FIHQpOExORybX0S+DvJepE5tPALrB9iGet/2sqqqrelSnB10OoiOJqAvu2DA==",
      "devOptional": true,
      "license": "MIT",
      "dependencies": {
        "prosemirror-state": "^1.2.2",
        "prosemirror-transform": "^1.0.0",
        "prosemirror-view": "^1.31.0",
        "rope-sequence": "^1.3.0"
      }
    },
    "node_modules/prosemirror-inputrules": {
      "version": "1.5.1",
      "resolved": "https://registry.npmjs.org/prosemirror-inputrules/-/prosemirror-inputrules-1.5.1.tgz",
      "integrity": "sha512-7wj4uMjKaXWAQ1CDgxNzNtR9AlsuwzHfdFH1ygEHA2KHF2DOEaXl1CJfNPAKCg9qNEh4rum975QLaCiQPyY6Fw==",
      "devOptional": true,
      "license": "MIT",
      "dependencies": {
        "prosemirror-state": "^1.0.0",
        "prosemirror-transform": "^1.0.0"
      }
    },
    "node_modules/prosemirror-keymap": {
      "version": "1.2.3",
      "resolved": "https://registry.npmjs.org/prosemirror-keymap/-/prosemirror-keymap-1.2.3.tgz",
      "integrity": "sha512-4HucRlpiLd1IPQQXNqeo81BGtkY8Ai5smHhKW9jjPKRc2wQIxksg7Hl1tTI2IfT2B/LgX6bfYvXxEpJl7aKYKw==",
      "devOptional": true,
      "license": "MIT",
      "dependencies": {
        "prosemirror-state": "^1.0.0",
        "w3c-keyname": "^2.2.0"
      }
    },
    "node_modules/prosemirror-model": {
      "version": "1.25.12",
      "resolved": "https://registry.npmjs.org/prosemirror-model/-/prosemirror-model-1.25.12.tgz",
      "integrity": "sha512-Ue2gTmXMa7EhpLNhC7J+h4+ykD8ha12K6rrZFFKKJHBForfIStw5gJ6Zrf1mqqAa9NmpmEB4wp9bKmA4eUVjWg==",
      "devOptional": true,
      "license": "MIT",
      "dependencies": {
        "orderedmap": "^2.0.0"
      }
    },
    "node_modules/prosemirror-schema-list": {
      "version": "1.5.1",
      "resolved": "https://registry.npmjs.org/prosemirror-schema-list/-/prosemirror-schema-list-1.5.1.tgz",
      "integrity": "sha512-927lFx/uwyQaGwJxLWCZRkjXG0p48KpMj6ueoYiu4JX05GGuGcgzAy62dfiV8eFZftgyBUvLx76RsMe20fJl+Q==",
      "devOptional": true,
      "license": "MIT",
      "dependencies": {
        "prosemirror-model": "^1.0.0",
        "prosemirror-state": "^1.0.0",
        "prosemirror-transform": "^1.7.3"
      }
    },
    "node_modules/prosemirror-state": {
      "version": "1.4.4",
      "resolved": "https://registry.npmjs.org/prosemirror-state/-/prosemirror-state-1.4.4.tgz",
      "integrity": "sha512-6jiYHH2CIGbCfnxdHbXZ12gySFY/fz/ulZE333G6bPqIZ4F+TXo9ifiR86nAHpWnfoNjOb3o5ESi7J8Uz1jXHw==",
      "devOptional": true,
      "license": "MIT",
      "dependencies": {
        "prosemirror-model": "^1.0.0",
        "prosemirror-transform": "^1.0.0",
        "prosemirror-view": "^1.27.0"
      }
    },
    "node_modules/prosemirror-tables": {
      "version": "1.8.5",
      "resolved": "https://registry.npmjs.org/prosemirror-tables/-/prosemirror-tables-1.8.5.tgz",
      "integrity": "sha512-V/0cDCsHKHe/tfWkeCmthNUcEp1IVO3p6vwN8XtwE9PZQLAZJigbw3QoraAdfJPir4NKJtNvOB8oYGKRl+t0Dw==",
      "devOptional": true,
      "license": "MIT",
      "dependencies": {
        "prosemirror-keymap": "^1.2.3",
        "prosemirror-model": "^1.25.4",
        "prosemirror-state": "^1.4.4",
        "prosemirror-transform": "^1.10.5",
        "prosemirror-view": "^1.41.4"
      }
    },
    "node_modules/prosemirror-transform": {
      "version": "1.12.2",
      "resolved": "https://registry.npmjs.org/prosemirror-transform/-/prosemirror-transform-1.12.2.tgz",
      "integrity": "sha512-PE/aY0HEY4zczvmqrilgkUK/WautF0chvMqkmM/iN5/aPHvwrCWaQZjS6CIZp+K84YrvPFqrL+YArrfJX8xX7g==",
      "devOptional": true,
      "license": "MIT",
      "dependencies": {
        "prosemirror-model": "^1.21.0"
      }
    },
    "node_modules/prosemirror-view": {
      "version": "1.42.6",
      "resolved": "https://registry.npmjs.org/prosemirror-view/-/prosemirror-view-1.42.6.tgz",
      "integrity": "sha512-3g25f6hKV2bBxo3puH3EcYWmmVNSH0iWmNsMVT7sugDSpA025jgpOLarcDWr39SdzPjYMaiYtRdNtXialPSjEQ==",
      "devOptional": true,
      "license": "MIT",
      "dependencies": {
        "prosemirror-model": "^1.25.12",
        "prosemirror-state": "^1.0.0",
        "prosemirror-transform": "^1.1.0"
      }
    },
    "node_modules/rope-sequence": {
      "version": "1.3.4",
      "resolved": "https://registry.npmjs.org/rope-sequence/-/rope-sequence-1.3.4.tgz",
      "integrity": "sha512-UT5EDe2cu2E/6O4igUr5PSFs23nvvukicWHx6GnOPlHAiiYbzNuCRQCuiUdHJQcqKalLKlrYJnjY0ySGsXNQXQ==",
      "devOptional": true,
      "license": "MIT"
    },
    "node_modules/sax": {
      "version": "1.6.1",
      "resolved": "https://registry.npmjs.org/sax/-/sax-1.6.1.tgz",
      "integrity": "sha512-42tBVwLWnaQvW5zc4HbZrTuWccECCZfBi92FDuwtqxasH+JbPB3/FOKb1m222K42R4WxuxzzMsTswfzgtSu64Q==",
      "license": "BlueOak-1.0.0",
      "engines": {
        "node": ">=11.0.0"
      }
    },
    "node_modules/w3c-keyname": {
      "version": "2.2.8",
      "resolved": "https://registry.npmjs.org/w3c-keyname/-/w3c-keyname-2.2.8.tgz",
      "integrity": "sha512-dpojBhNsCNN7T82Tm7k26A6G9ML3NkhDsnw9n/eoxSRlVBB4CEtIQ/KTCLI2Fwf3ataSXRhYFkQi3SlnFwPvPQ==",
      "devOptional": true,
      "license": "MIT"
    }
  }
}
